Microsoft Visual Studio Solution File, Format Version 12.00
# Visual Studio Version 17
VisualStudioVersion = 17.4.33213.308
MinimumVisualStudioVersion = 10.0.40219.1
Project("{9A19103F-16F7-4668-BE54-9A1E7A4F7556}") = "TS3AudioBot", "TS3AudioBot\TS3AudioBot.csproj", "{0ECC38F3-DE6E-4D7F-81EB-58B15F584635}"
EndProject
Project("{9A19103F-16F7-4668-BE54-9A1E7A4F7556}") = "TS3ABotUnitTests", "TS3ABotUnitTests\TS3ABotUnitTests.csproj", "{20B6F767-5396-41D9-83D8-98B5730C6E2E}"
EndProject
Project("{9A19103F-16F7-4668-BE54-9A1E7A4F7556}") = "TSLib", "TSLib\TSLib.csproj", "{0EB99E9D-87E5-4534-A100-55D231C2B6A6}"
EndProject
Project("{2150E333-8FDC-42A3-9474-1A3956D46DE8}") = "Solution Items", "Solution Items", "{ADAA5A65-0CE1-45FA-91F4-3D8D39073AB0}"
	ProjectSection(SolutionItems) = preProject
		.editorconfig = .editorconfig
		appveyor.yml = appveyor.yml
		GitVersion.yml = GitVersion.yml
		README.md = README.md
	EndProjectSection
EndProject
Project("{2150E333-8FDC-42A3-9474-1A3956D46DE8}") = "Plugins", "Plugins", "{ECDAFBE7-4DD5-4138-9566-29ABEAE272DD}"
EndProject
Project("{9A19103F-16F7-4668-BE54-9A1E7A4F7556}") = "whatIsPlaying", "Plugins\whatIsPlaying\whatIsPlaying.csproj", "{90241588-74F9-4489-AE36-3EE8DD10700C}"
EndProject
Project("{9A19103F-16F7-4668-BE54-9A1E7A4F7556}") = "AloneMode", "Plugins\AloneMode\AloneMode.csproj", "{994E9EFF-3B01-4DA4-96D6-68711A5F4FDE}"
EndProject
Project("{9A19103F-16F7-4668-BE54-9A1E7A4F7556}") = "Cryptoz", "Plugins\Cryptoz\Cryptoz.csproj", "{EC920102-22D9-4929-AEF1-E7D139861488}"
EndProject
Project("{9A19103F-16F7-4668-BE54-9A1E7A4F7556}") = "ExternalAPI", "Plugins\ExternalAPI\ExternalAPI.csproj", "{5ABFC1B0-7C06-4017-B078-510CB8EC5C29}"
EndProject
Project("{9A19103F-16F7-4668-BE54-9A1E7A4F7556}") = "GameServer", "Plugins\GameServer\GameServer.csproj", "{7BFD8DA9-E5D6-4D08-88AC-2150EFA27D5F}"
EndProject
Project("{9A19103F-16F7-4668-BE54-9A1E7A4F7556}") = "OnlineCounter", "Plugins\OnlineCounter\OnlineCounter.csproj", "{C6A017F7-8A44-43C9-B155-896698B1AEA4}"
EndProject
Project("{9A19103F-16F7-4668-BE54-9A1E7A4F7556}") = "RankingSystem", "Plugins\RankingSystem\RankingSystem.csproj", "{39D4B27A-820E-45C7-8884-462BB1F32854}"
EndProject
Project("{9A19103F-16F7-4668-BE54-9A1E7A4F7556}") = "ChannelChecker", "Plugins\ChannelChecker\ChannelChecker.csproj", "{CA74C32D-70BA-4BAB-9AB4-1D09F1BB6631}"
EndProject
Project("{9A19103F-16F7-4668-BE54-9A1E7A4F7556}") = "AutoChannel", "Plugins\AutoChannel\AutoChannel.csproj", "{10332F71-DFF5-4E7A-8DDB-BBE3784B3EAC}"
EndProject
Project("{9A19103F-16F7-4668-BE54-9A1E7A4F7556}") = "Watchparty", "Plugins\Watchparty\Watchparty.csproj", "{C6973CE5-C4EF-453C-8669-8A3B10ABFFA6}"
EndProject
Project("{2150E333-8FDC-42A3-9474-1A3956D46DE8}") = "Obsolete", "Obsolete", "{409057FB-24B6-47DE-B1A9-48B941E37F8C}"
EndProject
Global
	GlobalSection(SolutionConfigurationPlatforms) = preSolution
		Debug|Any CPU = Debug|Any CPU
		Release|Any CPU = Release|Any CPU
	EndGlobalSection
	GlobalSection(ProjectConfigurationPlatforms) = postSolution
		{0ECC38F3-DE6E-4D7F-81EB-58B15F584635}.Debug|Any CPU.ActiveCfg = Debug|Any CPU
		{0ECC38F3-DE6E-4D7F-81EB-58B15F584635}.Debug|Any CPU.Build.0 = Debug|Any CPU
		{0ECC38F3-DE6E-4D7F-81EB-58B15F584635}.Release|Any CPU.ActiveCfg = Release|Any CPU
		{0ECC38F3-DE6E-4D7F-81EB-58B15F584635}.Release|Any CPU.Build.0 = Release|Any CPU
		{20B6F767-5396-41D9-83D8-98B5730C6E2E}.Debug|Any CPU.ActiveCfg = Debug|Any CPU
		{20B6F767-5396-41D9-83D8-98B5730C6E2E}.Release|Any CPU.ActiveCfg = Release|Any CPU
		{0EB99E9D-87E5-4534-A100-55D231C2B6A6}.Debug|Any CPU.ActiveCfg = Debug|Any CPU
		{0EB99E9D-87E5-4534-A100-55D231C2B6A6}.Debug|Any CPU.Build.0 = Debug|Any CPU
		{0EB99E9D-87E5-4534-A100-55D231C2B6A6}.Release|Any CPU.ActiveCfg = Release|Any CPU
		{0EB99E9D-87E5-4534-A100-55D231C2B6A6}.Release|Any CPU.Build.0 = Release|Any CPU
		{90241588-74F9-4489-AE36-3EE8DD10700C}.Debug|Any CPU.ActiveCfg = Debug|Any CPU
		{90241588-74F9-4489-AE36-3EE8DD10700C}.Release|Any CPU.ActiveCfg = Release|Any CPU
		{994E9EFF-3B01-4DA4-96D6-68711A5F4FDE}.Debug|Any CPU.ActiveCfg = Debug|Any CPU
		{994E9EFF-3B01-4DA4-96D6-68711A5F4FDE}.Release|Any CPU.ActiveCfg = Release|Any CPU
		{EC920102-22D9-4929-AEF1-E7D139861488}.Debug|Any CPU.ActiveCfg = Debug|Any CPU
		{EC920102-22D9-4929-AEF1-E7D139861488}.Release|Any CPU.ActiveCfg = Release|Any CPU
		{5ABFC1B0-7C06-4017-B078-510CB8EC5C29}.Debug|Any CPU.ActiveCfg = Debug|Any CPU
		{5ABFC1B0-7C06-4017-B078-510CB8EC5C29}.Release|Any CPU.ActiveCfg = Release|Any CPU
		{7BFD8DA9-E5D6-4D08-88AC-2150EFA27D5F}.Debug|Any CPU.ActiveCfg = Debug|Any CPU
		{7BFD8DA9-E5D6-4D08-88AC-2150EFA27D5F}.Release|Any CPU.ActiveCfg = Release|Any CPU
		{C6A017F7-8A44-43C9-B155-896698B1AEA4}.Debug|Any CPU.ActiveCfg = Debug|Any CPU
		{C6A017F7-8A44-43C9-B155-896698B1AEA4}.Release|Any CPU.ActiveCfg = Release|Any CPU
		{39D4B27A-820E-45C7-8884-462BB1F32854}.Debug|Any CPU.ActiveCfg = Debug|Any CPU
		{39D4B27A-820E-45C7-8884-462BB1F32854}.Release|Any CPU.ActiveCfg = Release|Any CPU
		{CA74C32D-70BA-4BAB-9AB4-1D09F1BB6631}.Debug|Any CPU.ActiveCfg = Debug|Any CPU
		{CA74C32D-70BA-4BAB-9AB4-1D09F1BB6631}.Release|Any CPU.ActiveCfg = Release|Any CPU
		{10332F71-DFF5-4E7A-8DDB-BBE3784B3EAC}.Debug|Any CPU.ActiveCfg = Debug|Any CPU
		{10332F71-DFF5-4E7A-8DDB-BBE3784B3EAC}.Release|Any CPU.ActiveCfg = Release|Any CPU
		{C6973CE5-C4EF-453C-8669-8A3B10ABFFA6}.Debug|Any CPU.ActiveCfg = Debug|Any CPU
		{C6973CE5-C4EF-453C-8669-8A3B10ABFFA6}.Release|Any CPU.ActiveCfg = Release|Any CPU
	EndGlobalSection
	GlobalSection(SolutionProperties) = preSolution
		HideSolutionNode = FALSE
	EndGlobalSection
	GlobalSection(NestedProjects) = preSolution
		{90241588-74F9-4489-AE36-3EE8DD10700C} = {ECDAFBE7-4DD5-4138-9566-29ABEAE272DD}
		{994E9EFF-3B01-4DA4-96D6-68711A5F4FDE} = {ECDAFBE7-4DD5-4138-9566-29ABEAE272DD}
		{EC920102-22D9-4929-AEF1-E7D139861488} = {ECDAFBE7-4DD5-4138-9566-29ABEAE272DD}
		{5ABFC1B0-7C06-4017-B078-510CB8EC5C29} = {ECDAFBE7-4DD5-4138-9566-29ABEAE272DD}
		{7BFD8DA9-E5D6-4D08-88AC-2150EFA27D5F} = {ECDAFBE7-4DD5-4138-9566-29ABEAE272DD}
		{C6A017F7-8A44-43C9-B155-896698B1AEA4} = {ECDAFBE7-4DD5-4138-9566-29ABEAE272DD}
		{39D4B27A-820E-45C7-8884-462BB1F32854} = {ECDAFBE7-4DD5-4138-9566-29ABEAE272DD}
		{CA74C32D-70BA-4BAB-9AB4-1D09F1BB6631} = {ECDAFBE7-4DD5-4138-9566-29ABEAE272DD}
		{10332F71-DFF5-4E7A-8DDB-BBE3784B3EAC} = {ECDAFBE7-4DD5-4138-9566-29ABEAE272DD}
		{C6973CE5-C4EF-453C-8669-8A3B10ABFFA6} = {ECDAFBE7-4DD5-4138-9566-29ABEAE272DD}
		{409057FB-24B6-47DE-B1A9-48B941E37F8C} = {ECDAFBE7-4DD5-4138-9566-29ABEAE272DD}
	EndGlobalSection
	GlobalSection(ExtensibilityGlobals) = postSolution
		SolutionGuid = {15C2EA96-9126-41B1-A7A1-B02663F50EE3}
	EndGlobalSection
	GlobalSection(Performance) = preSolution
		HasPerformanceSessions = true
	EndGlobalSection
EndGlobal
