Microsoft Visual Studio Solution File, Format Version 12.00
# Visual Studio Version 17
VisualStudioVersion = 17.5.2.0
MinimumVisualStudioVersion = 10.0.40219.1
Project("{FAE04EC0-301F-11D3-BF4B-00C04F79EFBC}") = "TS3AudioBot", "TS3AudioBot.csproj", "{F280CC6F-3F61-EE64-B8BD-76AA435475E5}"
EndProject
Global
	GlobalSection(SolutionConfigurationPlatforms) = preSolution
		Debug|Any CPU = Debug|Any CPU
		Release|Any CPU = Release|Any CPU
	EndGlobalSection
	GlobalSection(ProjectConfigurationPlatforms) = postSolution
		{F280CC6F-3F61-EE64-B8BD-76AA435475E5}.Debug|Any CPU.ActiveCfg = Debug|Any CPU
		{F280CC6F-3F61-EE64-B8BD-76AA435475E5}.Debug|Any CPU.Build.0 = Debug|Any CPU
		{F280CC6F-3F61-EE64-B8BD-76AA435475E5}.Release|Any CPU.ActiveCfg = Release|Any CPU
		{F280CC6F-3F61-EE64-B8BD-76AA435475E5}.Release|Any CPU.Build.0 = Release|Any CPU
	EndGlobalSection
	GlobalSection(SolutionProperties) = preSolution
		HideSolutionNode = FALSE
	EndGlobalSection
	GlobalSection(ExtensibilityGlobals) = postSolution
		SolutionGuid = {E1B90CEE-8DFD-497C-AC08-BB93F8BD6925}
	EndGlobalSection
EndGlobal
